<?xml version="1.0" encoding="utf-8"?>
<Project ToolsVersion="4.0" xmlns="http://schemas.microsoft.com/developer/msbuild/2003">
  <ItemGroup>
    <ClCompile Include="Source\Game.cpp" />
    <ClCompile Include="Source\main.cc" />
    <ClCompile Include="Source\Actors\Actor.cpp">
      <Filter>Actors</Filter>
    </ClCompile>
    <ClCompile Include="Source\Actors\AvatarActor.cpp">
      <Filter>Actors</Filter>
    </ClCompile>
    <ClCompile Include="Source\Actors\CameraActor.cpp">
      <Filter>Actors</Filter>
    </ClCompile>
    <ClCompile Include="Source\Actors\MovableActor.cpp">
      <Filter>Actors</Filter>
    </ClCompile>
    <ClCompile Include="Source\Actors\SpriteActor.cpp">
      <Filter>Actors</Filter>
    </ClCompile>
    <ClCompile Include="Source\States\CreditState.cpp">
      <Filter>States</Filter>
    </ClCompile>
    <ClCompile Include="Source\States\GameState.cpp">
      <Filter>States</Filter>
    </ClCompile>
    <ClCompile Include="Source\States\PauseState.cpp">
      <Filter>States</Filter>
    </ClCompile>
    <ClCompile Include="Source\States\MenuState.cpp">
      <Filter>States</Filter>
    </ClCompile>
    <ClCompile Include="Source\States\SettingState.cpp">
      <Filter>States</Filter>
    </ClCompile>
    <ClCompile Include="Source\States\State.cpp">
      <Filter>States</Filter>
    </ClCompile>
    <ClCompile Include="Source\States\StateStack.cpp">
      <Filter>States</Filter>
    </ClCompile>
    <ClCompile Include="Source\States\TitleState.cpp">
      <Filter>States</Filter>
    </ClCompile>
    <ClCompile Include="Source\Collisions\PhysicsEngine.cpp">
      <Filter>Collisions</Filter>
    </ClCompile>
    <ClCompile Include="Source\Controllers\PlayerController.cpp">
      <Filter>Controllers</Filter>
    </ClCompile>
    <ClCompile Include="Source\Debug\FPSMeter.cpp">
      <Filter>Debug</Filter>
    </ClCompile>
    <ClCompile Include="Source\Input\Input.cpp">
      <Filter>Input</Filter>
    </ClCompile>
    <ClCompile Include="Source\Rendering\Renderer.cpp">
      <Filter>Rendering</Filter>
    </ClCompile>
    <ClCompile Include="Source\Actors\SceneGraph.cpp">
      <Filter>Actors</Filter>
    </ClCompile>
    <ClCompile Include="Source\Worlds\World.cpp">
      <Filter>Worlds</Filter>
    </ClCompile>
    <ClCompile Include="Source\Actors\Tank.cpp">
      <Filter>Actors</Filter>
    </ClCompile>
    <ClCompile Include="Source\Actors\Bullet.cpp">
      <Filter>Actors</Filter>
    </ClCompile>
    <ClCompile Include="Source\Actors\Obstacle.cpp">
      <Filter>Actors</Filter>
    </ClCompile>
  </ItemGroup>
  <ItemGroup>
    <ClInclude Include="Source\Game.h" />
    <ClInclude Include="Source\Actors\Actor.h">
      <Filter>Actors</Filter>
    </ClInclude>
    <ClInclude Include="Source\Actors\AvatarActor.h">
      <Filter>Actors</Filter>
    </ClInclude>
    <ClInclude Include="Source\Actors\CameraActor.h">
      <Filter>Actors</Filter>
    </ClInclude>
    <ClInclude Include="Source\Actors\MovableActor.h">
      <Filter>Actors</Filter>
    </ClInclude>
    <ClInclude Include="Source\Actors\Pawn.h">
      <Filter>Actors</Filter>
    </ClInclude>
    <ClInclude Include="Source\Actors\SpriteActor.h">
      <Filter>Actors</Filter>
    </ClInclude>
    <ClInclude Include="Source\States\CreditState.h">
      <Filter>States</Filter>
    </ClInclude>
    <ClInclude Include="Source\States\GameState.h">
      <Filter>States</Filter>
    </ClInclude>
    <ClInclude Include="Source\States\PauseState.h">
      <Filter>States</Filter>
    </ClInclude>
    <ClInclude Include="Source\States\MenuState.h">
      <Filter>States</Filter>
    </ClInclude>
    <ClInclude Include="Source\States\MenuTemplate.h">
      <Filter>States</Filter>
    </ClInclude>
    <ClInclude Include="Source\States\SettingState.h">
      <Filter>States</Filter>
    </ClInclude>
    <ClInclude Include="Source\States\State.h">
      <Filter>States</Filter>
    </ClInclude>
    <ClInclude Include="Source\States\Context.h">
      <Filter>States</Filter>
    </ClInclude>
    <ClInclude Include="Source\States\StateIdentifiers.h">
      <Filter>States</Filter>
    </ClInclude>
    <ClInclude Include="Source\States\StateStack.h">
      <Filter>States</Filter>
    </ClInclude>
    <ClInclude Include="Source\States\TitleState.h">
      <Filter>States</Filter>
    </ClInclude>
    <ClInclude Include="Source\Collisions\Collider.h">
      <Filter>Collisions</Filter>
    </ClInclude>
    <ClInclude Include="Source\Collisions\CollisionIdentifiers.h">
      <Filter>Collisions</Filter>
    </ClInclude>
    <ClInclude Include="Source\Collisions\PhysicsEngine.h">
      <Filter>Collisions</Filter>
    </ClInclude>
    <ClInclude Include="Source\Commands\Command.h">
      <Filter>Commands</Filter>
    </ClInclude>
    <ClInclude Include="Source\Commands\CommandCategory.h">
      <Filter>Commands</Filter>
    </ClInclude>
    <ClInclude Include="Source\Commands\CommandQueue.h">
      <Filter>Commands</Filter>
    </ClInclude>
    <ClInclude Include="Source\Commands\Flags.h">
      <Filter>Commands</Filter>
    </ClInclude>
    <ClInclude Include="Source\Controllers\PlayerController.h">
      <Filter>Controllers</Filter>
    </ClInclude>
    <ClInclude Include="Source\Debug\FPSMeter.h">
      <Filter>Debug</Filter>
    </ClInclude>
    <ClInclude Include="Source\Helpers\EnumHelper.h">
      <Filter>Helpers</Filter>
    </ClInclude>
    <ClInclude Include="Source\Helpers\GraphicsHelper.h">
      <Filter>Helpers</Filter>
    </ClInclude>
    <ClInclude Include="Source\Input\Input.h">
      <Filter>Input</Filter>
    </ClInclude>
    <ClInclude Include="Source\Input\InputCollections.h">
      <Filter>Input</Filter>
    </ClInclude>
    <ClInclude Include="Source\Rendering\Renderer.h">
      <Filter>Rendering</Filter>
    </ClInclude>
    <ClInclude Include="Source\Rendering\RenderInfo.h">
      <Filter>Rendering</Filter>
    </ClInclude>
    <ClInclude Include="Source\Actors\SceneGraph.h">
      <Filter>Actors</Filter>
    </ClInclude>
    <ClInclude Include="Source\ResourceManagers\ResourceIdentifiers.h">
      <Filter>ResourceManagers</Filter>
    </ClInclude>
    <ClInclude Include="Source\ResourceManagers\ResourceManager.h">
      <Filter>ResourceManagers</Filter>
    </ClInclude>
    <ClInclude Include="Source\Worlds\World.h">
      <Filter>Worlds</Filter>
    </ClInclude>
    <ClInclude Include="Source\Actors\Tank.h">
      <Filter>Actors</Filter>
    </ClInclude>
    <ClInclude Include="Source\Helpers\VectorHelper.h">
      <Filter>Helpers</Filter>
    </ClInclude>
    <ClInclude Include="Source\Actors\Bullet.h">
      <Filter>Actors</Filter>
    </ClInclude>
    <ClInclude Include="Source\Units\Units.h">
      <Filter>Units</Filter>
    </ClInclude>
    <ClInclude Include="Source\Actors\Obstacle.h">
      <Filter>Actors</Filter>
    </ClInclude>
  </ItemGroup>
  <ItemGroup>
    <None Include="Source\States\MenuTemplate.inl">
      <Filter>States</Filter>
    </None>
    <None Include="Source\ResourceManagers\ResourceManager.inl">
      <Filter>ResourceManagers</Filter>
    </None>
  </ItemGroup>
  <ItemGroup>
    <Filter Include="Actors">
      <UniqueIdentifier>{4d1120e2-4775-438e-a12c-38b2cbc40e6d}</UniqueIdentifier>
    </Filter>
    <Filter Include="States">
      <UniqueIdentifier>{79991e90-ecda-4ec8-b634-116361d89822}</UniqueIdentifier>
    </Filter>
    <Filter Include="Collisions">
      <UniqueIdentifier>{63feef27-9041-4af2-90c7-ade2305c176c}</UniqueIdentifier>
    </Filter>
    <Filter Include="Commands">
      <UniqueIdentifier>{35fb445a-935f-4fb9-a617-1cdffd3b6518}</UniqueIdentifier>
    </Filter>
    <Filter Include="Controllers">
      <UniqueIdentifier>{989223bd-e421-41bc-97b3-ad4d93b3afc3}</UniqueIdentifier>
    </Filter>
    <Filter Include="Debug">
      <UniqueIdentifier>{2f49e8e4-4fd2-4524-8b0f-16fc76eb1b3e}</UniqueIdentifier>
    </Filter>
    <Filter Include="Helpers">
      <UniqueIdentifier>{c5ea245f-487b-4358-8d3e-68cd42c5ec66}</UniqueIdentifier>
    </Filter>
    <Filter Include="Input">
      <UniqueIdentifier>{15617146-14fe-4c2e-b285-65da2f005bf7}</UniqueIdentifier>
    </Filter>
    <Filter Include="Rendering">
      <UniqueIdentifier>{302ff1dd-46d0-4cea-bb3b-deccb0fe1048}</UniqueIdentifier>
    </Filter>
    <Filter Include="ResourceManagers">
      <UniqueIdentifier>{fbf36c0d-3cdf-400d-beaf-700649deb00b}</UniqueIdentifier>
    </Filter>
    <Filter Include="Worlds">
      <UniqueIdentifier>{f4c50035-af05-40c5-b9c2-bc708ac63929}</UniqueIdentifier>
    </Filter>
    <Filter Include="Units">
      <UniqueIdentifier>{075bf1b2-775f-4820-8ea5-ee0bfea4ae97}</UniqueIdentifier>
    </Filter>
  </ItemGroup>
</Project>