<?xml version="1.0" encoding="utf-8"?>
<Project ToolsVersion="4.0" xmlns="http://schemas.microsoft.com/developer/msbuild/2003">
  <ItemGroup>
    <Filter Include="Source Files">
      <UniqueIdentifier>{4FC737F1-C7A5-4376-A066-2A32D752A2FF}</UniqueIdentifier>
      <Extensions>cpp;c;cc;cxx;def;odl;idl;hpj;bat;asm;asmx</Extensions>
    </Filter>
    <Filter Include="Header Files">
      <UniqueIdentifier>{93995380-89BD-4b04-88EB-625FBE52EBFB}</UniqueIdentifier>
      <Extensions>h;hh;hpp;hxx;hm;inl;inc;ipp;xsd</Extensions>
    </Filter>
    <Filter Include="Resource Files">
      <UniqueIdentifier>{67DA6AB6-F800-4c08-8B7A-83BB121AAD01}</UniqueIdentifier>
      <Extensions>rc;ico;cur;bmp;dlg;rc2;rct;bin;rgs;gif;jpg;jpeg;jpe;resx;tiff;tif;png;wav;mfcribbon-ms</Extensions>
    </Filter>
    <Filter Include="Header Files\States">
      <UniqueIdentifier>{91158cba-dfb5-412a-afda-efc79820c778}</UniqueIdentifier>
    </Filter>
  </ItemGroup>
  <ItemGroup>
    <ClInclude Include="include\TanketteWarClient.h">
      <Filter>Header Files</Filter>
    </ClInclude>
    <ClInclude Include="include\ClientNetworkManager.h">
      <Filter>Header Files</Filter>
    </ClInclude>
    <ClInclude Include="include\ClientContext.h">
      <Filter>Header Files</Filter>
    </ClInclude>
    <ClInclude Include="include\World.h">
      <Filter>Header Files</Filter>
    </ClInclude>
    <ClInclude Include="include\ConnectState.h">
      <Filter>Header Files\States</Filter>
    </ClInclude>
    <ClInclude Include="include\CreditState.h">
      <Filter>Header Files\States</Filter>
    </ClInclude>
    <ClInclude Include="include\ClientState.h">
      <Filter>Header Files\States</Filter>
    </ClInclude>
    <ClInclude Include="include\ClientStateStack.h">
      <Filter>Header Files\States</Filter>
    </ClInclude>
    <ClInclude Include="include\GameState.h">
      <Filter>Header Files\States</Filter>
    </ClInclude>
    <ClInclude Include="include\MenuState.h">
      <Filter>Header Files\States</Filter>
    </ClInclude>
    <ClInclude Include="include\MenuTemplate.h">
      <Filter>Header Files\States</Filter>
    </ClInclude>
    <ClInclude Include="include\PauseState.h">
      <Filter>Header Files\States</Filter>
    </ClInclude>
    <ClInclude Include="include\SettingState.h">
      <Filter>Header Files\States</Filter>
    </ClInclude>
    <ClInclude Include="include\StateIdentifiers.h">
      <Filter>Header Files\States</Filter>
    </ClInclude>
    <ClInclude Include="include\TitleState.h">
      <Filter>Header Files\States</Filter>
    </ClInclude>
  </ItemGroup>
  <ItemGroup>
    <ClCompile Include="source\TanketteWarClient.cpp">
      <Filter>Source Files</Filter>
    </ClCompile>
    <ClCompile Include="source\ClientNetworkManager.cpp">
      <Filter>Source Files</Filter>
    </ClCompile>
    <ClCompile Include="source\ClientState.cpp">
      <Filter>Source Files</Filter>
    </ClCompile>
    <ClCompile Include="source\ClientStateStack.cpp">
      <Filter>Source Files</Filter>
    </ClCompile>
    <ClCompile Include="source\ConnectState.cpp">
      <Filter>Source Files</Filter>
    </ClCompile>
    <ClCompile Include="source\CreditState.cpp">
      <Filter>Source Files</Filter>
    </ClCompile>
    <ClCompile Include="source\GameState.cpp">
      <Filter>Source Files</Filter>
    </ClCompile>
    <ClCompile Include="source\MenuState.cpp">
      <Filter>Source Files</Filter>
    </ClCompile>
    <ClCompile Include="source\PauseState.cpp">
      <Filter>Source Files</Filter>
    </ClCompile>
    <ClCompile Include="source\SettingState.cpp">
      <Filter>Source Files</Filter>
    </ClCompile>
    <ClCompile Include="source\TitleState.cpp">
      <Filter>Source Files</Filter>
    </ClCompile>
    <ClCompile Include="source\World.cpp">
      <Filter>Source Files</Filter>
    </ClCompile>
  </ItemGroup>
  <ItemGroup>
    <None Include="source\MenuTemplate.inl">
      <Filter>Header Files\States</Filter>
    </None>
  </ItemGroup>
</Project>